
Microsoft Visual Studio Solution File, Format Version 12.00
# Visual Studio 15
VisualStudioVersion = 15.0.27130.2036
MinimumVisualStudioVersion = 10.0.40219.1
Project("{FAE04EC0-301F-11D3-BF4B-00C04F79EFBC}") = "CursoDesignPatterns", "CursoDesignPatterns\CursoDesignPatterns.csproj", "{11A400C6-27F3-4316-B7E0-646285C489D8}"
EndProject
Global
	GlobalSection(SolutionConfigurationPlatforms) = preSolution
		Debug|Any CPU = Debug|Any CPU
		Release|Any CPU = Release|Any CPU
	EndGlobalSection
	GlobalSection(ProjectConfigurationPlatforms) = postSolution
		{11A400C6-27F3-4316-B7E0-646285C489D8}.Debug|Any CPU.ActiveCfg = Debug|Any CPU
		{11A400C6-27F3-4316-B7E0-646285C489D8}.Debug|Any CPU.Build.0 = Debug|Any CPU
		{11A400C6-27F3-4316-B7E0-646285C489D8}.Release|Any CPU.ActiveCfg = Release|Any CPU
		{11A400C6-27F3-4316-B7E0-646285C489D8}.Release|Any CPU.Build.0 = Release|Any CPU
	EndGlobalSection
	GlobalSection(SolutionProperties) = preSolution
		HideSolutionNode = FALSE
	EndGlobalSection
	GlobalSection(ExtensibilityGlobals) = postSolution
		SolutionGuid = {246C08D6-6748-4747-9356-FF8A69AE4D75}
	EndGlobalSection
EndGlobal
